// !$*UTF8*$!
{
	archiveVersion = 1;
	classes = {
	};
	objectVersion = 46;
	objects = {

/* Begin PBXBuildFile section */
		628F663BFB502D4B71C8F3D9 /* libPods-AirRun.a in Frameworks */ = {isa = PBXBuildFile; fileRef = E1FACE97A81FF7A986C2D1B9 /* libPods-AirRun.a */; };
		96474CCB1ACD2B4100DECE02 /* ImageOverLay.m in Sources */ = {isa = PBXBuildFile; fileRef = 96474CCA1ACD2B4100DECE02 /* ImageOverLay.m */; };
		96474CCE1ACD2D9000DECE02 /* ImageOverLayRenderer.m in Sources */ = {isa = PBXBuildFile; fileRef = 96474CCD1ACD2D9000DECE02 /* ImageOverLayRenderer.m */; };
		96474D031ACD536B00DECE02 /* RunSimpleCardView.m in Sources */ = {isa = PBXBuildFile; fileRef = 96474D021ACD536B00DECE02 /* RunSimpleCardView.m */; };
		96474D061ACD983A00DECE02 /* RunViewControllerAnimation.m in Sources */ = {isa = PBXBuildFile; fileRef = 96474D051ACD983A00DECE02 /* RunViewControllerAnimation.m */; };
		96474D091ACDA17400DECE02 /* RunPauseView.m in Sources */ = {isa = PBXBuildFile; fileRef = 96474D081ACDA17400DECE02 /* RunPauseView.m */; };
		96F398F81ACCED270090CCD8 /* GradientPolylineOverlay.m in Sources */ = {isa = PBXBuildFile; fileRef = 96F398F51ACCED270090CCD8 /* GradientPolylineOverlay.m */; };
		96F398F91ACCED270090CCD8 /* GradientPolylineRenderer.m in Sources */ = {isa = PBXBuildFile; fileRef = 96F398F71ACCED270090CCD8 /* GradientPolylineRenderer.m */; };
		96F596AA1ACC518B00F56BEA /* WGS84TOGCJ02.m in Sources */ = {isa = PBXBuildFile; fileRef = 96F596A91ACC518B00F56BEA /* WGS84TOGCJ02.m */; };
		96F596AF1ACC51B800F56BEA /* RunCardView.m in Sources */ = {isa = PBXBuildFile; fileRef = 96F596AE1ACC51B800F56BEA /* RunCardView.m */; };
		96F596B21ACC51D600F56BEA /* MapViewDelegate.m in Sources */ = {isa = PBXBuildFile; fileRef = 96F596B11ACC51D600F56BEA /* MapViewDelegate.m */; };
		96F596B51ACC51E300F56BEA /* RunViewController.m in Sources */ = {isa = PBXBuildFile; fileRef = 96F596B41ACC51E300F56BEA /* RunViewController.m */; };
		E50BE0481AC8854A0030863D /* main.m in Sources */ = {isa = PBXBuildFile; fileRef = E50BE0471AC8854A0030863D /* main.m */; };
		E50BE04B1AC8854A0030863D /* AppDelegate.m in Sources */ = {isa = PBXBuildFile; fileRef = E50BE04A1AC8854A0030863D /* AppDelegate.m */; };
		E50BE04E1AC8854A0030863D /* ViewController.m in Sources */ = {isa = PBXBuildFile; fileRef = E50BE04D1AC8854A0030863D /* ViewController.m */; };
		E50BE0511AC8854A0030863D /* Main.storyboard in Resources */ = {isa = PBXBuildFile; fileRef = E50BE04F1AC8854A0030863D /* Main.storyboard */; };
		E50BE0531AC8854A0030863D /* Images.xcassets in Resources */ = {isa = PBXBuildFile; fileRef = E50BE0521AC8854A0030863D /* Images.xcassets */; };
		E50BE0561AC8854A0030863D /* LaunchScreen.xib in Resources */ = {isa = PBXBuildFile; fileRef = E50BE0541AC8854A0030863D /* LaunchScreen.xib */; };
		E50BE0621AC8854A0030863D /* AirRunTests.m in Sources */ = {isa = PBXBuildFile; fileRef = E50BE0611AC8854A0030863D /* AirRunTests.m */; };
		E50BE07B1AC887200030863D /* DemoTestsSpec.m in Sources */ = {isa = PBXBuildFile; fileRef = E50BE07A1AC887200030863D /* DemoTestsSpec.m */; };
		E5668F971ACA5D6D009A0D61 /* RECommonFunctions.m in Sources */ = {isa = PBXBuildFile; fileRef = E5668F921ACA5D6D009A0D61 /* RECommonFunctions.m */; };
		E5668F981ACA5D6D009A0D61 /* RESideMenu.m in Sources */ = {isa = PBXBuildFile; fileRef = E5668F941ACA5D6D009A0D61 /* RESideMenu.m */; };
		E5668F991ACA5D6D009A0D61 /* UIViewController+RESideMenu.m in Sources */ = {isa = PBXBuildFile; fileRef = E5668F961ACA5D6D009A0D61 /* UIViewController+RESideMenu.m */; };
		E5668F9D1ACA5DB2009A0D61 /* LeftSideViewController.m in Sources */ = {isa = PBXBuildFile; fileRef = E5668F9C1ACA5DB2009A0D61 /* LeftSideViewController.m */; };
		E5668F9F1ACA61CB009A0D61 /* bg@2x.png in Resources */ = {isa = PBXBuildFile; fileRef = E5668F9E1ACA61CB009A0D61 /* bg@2x.png */; };
		E5668FA11ACA628C009A0D61 /* bg1@2x.png in Resources */ = {isa = PBXBuildFile; fileRef = E5668FA01ACA628C009A0D61 /* bg1@2x.png */; };
		E5668FA71ACBB22F009A0D61 /* setting@2x.png in Resources */ = {isa = PBXBuildFile; fileRef = E5668FA61ACBB22F009A0D61 /* setting@2x.png */; };
		E5668FAB1ACBB55C009A0D61 /* HeaderView.m in Sources */ = {isa = PBXBuildFile; fileRef = E5668FAA1ACBB55C009A0D61 /* HeaderView.m */; };
		E5668FAE1ACBB576009A0D61 /* UserModel.m in Sources */ = {isa = PBXBuildFile; fileRef = E5668FAD1ACBB576009A0D61 /* UserModel.m */; };
		E5668FB01ACBB6C8009A0D61 /* header.jpg in Resources */ = {isa = PBXBuildFile; fileRef = E5668FAF1ACBB6C8009A0D61 /* header.jpg */; };
		E5668FB71ACBC128009A0D61 /* JuheApisSDK.a in Frameworks */ = {isa = PBXBuildFile; fileRef = E5668FB41ACBC128009A0D61 /* JuheApisSDK.a */; };
		E5668FBB1ACBC3A9009A0D61 /* AIRDataManager.m in Sources */ = {isa = PBXBuildFile; fileRef = E5668FBA1ACBC3A9009A0D61 /* AIRDataManager.m */; };
		E5668FBD1ACBC650009A0D61 /* libc++.dylib in Frameworks */ = {isa = PBXBuildFile; fileRef = E5668FBC1ACBC650009A0D61 /* libc++.dylib */; };
		E5668FBF1ACBC67F009A0D61 /* CoreLocation.framework in Frameworks */ = {isa = PBXBuildFile; fileRef = E5668FBE1ACBC67F009A0D61 /* CoreLocation.framework */; };
		E5668FC11ACBC68C009A0D61 /* CoreTelephony.framework in Frameworks */ = {isa = PBXBuildFile; fileRef = E5668FC01ACBC68C009A0D61 /* CoreTelephony.framework */; };
		E5668FC31ACBC694009A0D61 /* AdSupport.framework in Frameworks */ = {isa = PBXBuildFile; fileRef = E5668FC21ACBC694009A0D61 /* AdSupport.framework */; };
		E5668FC61ACBC739009A0D61 /* WeatherManager.m in Sources */ = {isa = PBXBuildFile; fileRef = E5668FC51ACBC739009A0D61 /* WeatherManager.m */; };
		E5668FCA1ACBC998009A0D61 /* WeatherTestsSpec.m in Sources */ = {isa = PBXBuildFile; fileRef = E5668FC91ACBC998009A0D61 /* WeatherTestsSpec.m */; };
		E59139951ACBDA5600F9D048 /* RunCompleteCardsVC.m in Sources */ = {isa = PBXBuildFile; fileRef = E59139941ACBDA5600F9D048 /* RunCompleteCardsVC.m */; };
		E59139991ACBDDCF00F9D048 /* CompleteInputCard.m in Sources */ = {isa = PBXBuildFile; fileRef = E59139981ACBDDCF00F9D048 /* CompleteInputCard.m */; };
		E591399C1ACBE13400F9D048 /* DateHelper.m in Sources */ = {isa = PBXBuildFile; fileRef = E591399B1ACBE13400F9D048 /* DateHelper.m */; };
		E591399E1ACBE63D00F9D048 /* biaoqing@2x.png in Resources */ = {isa = PBXBuildFile; fileRef = E591399D1ACBE63D00F9D048 /* biaoqing@2x.png */; };
		E59BF3EB1ACBF7E10033D1DC /* CompleteDisplayCard.m in Sources */ = {isa = PBXBuildFile; fileRef = E59BF3EA1ACBF7E10033D1DC /* CompleteDisplayCard.m */; };
		E59BF3EE1ACBF8FE0033D1DC /* BaseCardView.m in Sources */ = {isa = PBXBuildFile; fileRef = E59BF3ED1ACBF8FE0033D1DC /* BaseCardView.m */; };
		E59BF3F01ACC1CF60033D1DC /* map.jpg in Resources */ = {isa = PBXBuildFile; fileRef = E59BF3EF1ACC1CF60033D1DC /* map.jpg */; };
		E59BF3F21ACC1FF80033D1DC /* cardbg.jpg in Resources */ = {isa = PBXBuildFile; fileRef = E59BF3F11ACC1FF80033D1DC /* cardbg.jpg */; };
		F68C6314769783DB64D2C398 /* libPods-KiwiUnitTest.a in Frameworks */ = {isa = PBXBuildFile; fileRef = B4EF9A1DB729F2EF20AAAD9D /* libPods-KiwiUnitTest.a */; };
/* End PBXBuildFile section */

/* Begin PBXContainerItemProxy section */
		E50BE05C1AC8854A0030863D /* PBXContainerItemProxy */ = {
			isa = PBXContainerItemProxy;
			containerPortal = E50BE03A1AC8854A0030863D /* Project object */;
			proxyType = 1;
			remoteGlobalIDString = E50BE0411AC8854A0030863D;
			remoteInfo = AirRun;
		};
		E50BE0751AC886000030863D /* PBXContainerItemProxy */ = {
			isa = PBXContainerItemProxy;
			containerPortal = E50BE03A1AC8854A0030863D /* Project object */;
			proxyType = 1;
			remoteGlobalIDString = E50BE0411AC8854A0030863D;
			remoteInfo = AirRun;
		};
/* End PBXContainerItemProxy section */

/* Begin PBXFileReference section */
		06A981F16C2171FCA3E5399F /* Pods-AirRun.debug.xcconfig */ = {isa = PBXFileReference; includeInIndex = 1; lastKnownFileType = text.xcconfig; name = "Pods-AirRun.debug.xcconfig"; path = "Pods/Target Support Files/Pods-AirRun/Pods-AirRun.debug.xcconfig"; sourceTree = "<group>"; };
		8825BA6167225E1D71CD46DD /* Pods-AirRun.release.xcconfig */ = {isa = PBXFileReference; includeInIndex = 1; lastKnownFileType = text.xcconfig; name = "Pods-AirRun.release.xcconfig"; path = "Pods/Target Support Files/Pods-AirRun/Pods-AirRun.release.xcconfig"; sourceTree = "<group>"; };
		96474CC91ACD2B4100DECE02 /* ImageOverLay.h */ = {isa = PBXFileReference; fileEncoding = 4; lastKnownFileType = sourcecode.c.h; path = ImageOverLay.h; sourceTree = "<group>"; };
		96474CCA1ACD2B4100DECE02 /* ImageOverLay.m */ = {isa = PBXFileReference; fileEncoding = 4; lastKnownFileType = sourcecode.c.objc; path = ImageOverLay.m; sourceTree = "<group>"; };
		96474CCC1ACD2D9000DECE02 /* ImageOverLayRenderer.h */ = {isa = PBXFileReference; fileEncoding = 4; lastKnownFileType = sourcecode.c.h; path = ImageOverLayRenderer.h; sourceTree = "<group>"; };
		96474CCD1ACD2D9000DECE02 /* ImageOverLayRenderer.m */ = {isa = PBXFileReference; fileEncoding = 4; lastKnownFileType = sourcecode.c.objc; path = ImageOverLayRenderer.m; sourceTree = "<group>"; };
		96474D011ACD536B00DECE02 /* RunSimpleCardView.h */ = {isa = PBXFileReference; fileEncoding = 4; lastKnownFileType = sourcecode.c.h; path = RunSimpleCardView.h; sourceTree = "<group>"; };
		96474D021ACD536B00DECE02 /* RunSimpleCardView.m */ = {isa = PBXFileReference; fileEncoding = 4; lastKnownFileType = sourcecode.c.objc; path = RunSimpleCardView.m; sourceTree = "<group>"; };
		96474D041ACD983A00DECE02 /* RunViewControllerAnimation.h */ = {isa = PBXFileReference; fileEncoding = 4; lastKnownFileType = sourcecode.c.h; path = RunViewControllerAnimation.h; sourceTree = "<group>"; };
		96474D051ACD983A00DECE02 /* RunViewControllerAnimation.m */ = {isa = PBXFileReference; fileEncoding = 4; lastKnownFileType = sourcecode.c.objc; path = RunViewControllerAnimation.m; sourceTree = "<group>"; };
		96474D071ACDA17400DECE02 /* RunPauseView.h */ = {isa = PBXFileReference; fileEncoding = 4; lastKnownFileType = sourcecode.c.h; path = RunPauseView.h; sourceTree = "<group>"; };
		96474D081ACDA17400DECE02 /* RunPauseView.m */ = {isa = PBXFileReference; fileEncoding = 4; lastKnownFileType = sourcecode.c.objc; path = RunPauseView.m; sourceTree = "<group>"; };
		96F398F41ACCED270090CCD8 /* GradientPolylineOverlay.h */ = {isa = PBXFileReference; fileEncoding = 4; lastKnownFileType = sourcecode.c.h; path = GradientPolylineOverlay.h; sourceTree = "<group>"; };
		96F398F51ACCED270090CCD8 /* GradientPolylineOverlay.m */ = {isa = PBXFileReference; fileEncoding = 4; lastKnownFileType = sourcecode.c.objc; path = GradientPolylineOverlay.m; sourceTree = "<group>"; };
		96F398F61ACCED270090CCD8 /* GradientPolylineRenderer.h */ = {isa = PBXFileReference; fileEncoding = 4; lastKnownFileType = sourcecode.c.h; path = GradientPolylineRenderer.h; sourceTree = "<group>"; };
		96F398F71ACCED270090CCD8 /* GradientPolylineRenderer.m */ = {isa = PBXFileReference; fileEncoding = 4; lastKnownFileType = sourcecode.c.objc; path = GradientPolylineRenderer.m; sourceTree = "<group>"; };
		96F596A81ACC518B00F56BEA /* WGS84TOGCJ02.h */ = {isa = PBXFileReference; fileEncoding = 4; lastKnownFileType = sourcecode.c.h; path = WGS84TOGCJ02.h; sourceTree = "<group>"; };
		96F596A91ACC518B00F56BEA /* WGS84TOGCJ02.m */ = {isa = PBXFileReference; fileEncoding = 4; lastKnownFileType = sourcecode.c.objc; path = WGS84TOGCJ02.m; sourceTree = "<group>"; };
		96F596AD1ACC51B800F56BEA /* RunCardView.h */ = {isa = PBXFileReference; fileEncoding = 4; lastKnownFileType = sourcecode.c.h; path = RunCardView.h; sourceTree = "<group>"; };
		96F596AE1ACC51B800F56BEA /* RunCardView.m */ = {isa = PBXFileReference; fileEncoding = 4; lastKnownFileType = sourcecode.c.objc; path = RunCardView.m; sourceTree = "<group>"; };
		96F596B01ACC51D600F56BEA /* MapViewDelegate.h */ = {isa = PBXFileReference; fileEncoding = 4; lastKnownFileType = sourcecode.c.h; path = MapViewDelegate.h; sourceTree = "<group>"; };
		96F596B11ACC51D600F56BEA /* MapViewDelegate.m */ = {isa = PBXFileReference; fileEncoding = 4; lastKnownFileType = sourcecode.c.objc; path = MapViewDelegate.m; sourceTree = "<group>"; };
		96F596B31ACC51E300F56BEA /* RunViewController.h */ = {isa = PBXFileReference; fileEncoding = 4; lastKnownFileType = sourcecode.c.h; path = RunViewController.h; sourceTree = "<group>"; };
		96F596B41ACC51E300F56BEA /* RunViewController.m */ = {isa = PBXFileReference; fileEncoding = 4; lastKnownFileType = sourcecode.c.objc; path = RunViewController.m; sourceTree = "<group>"; };
		AA78C5701070FCE649399215 /* Pods-KiwiUnitTest.release.xcconfig */ = {isa = PBXFileReference; includeInIndex = 1; lastKnownFileType = text.xcconfig; name = "Pods-KiwiUnitTest.release.xcconfig"; path = "Pods/Target Support Files/Pods-KiwiUnitTest/Pods-KiwiUnitTest.release.xcconfig"; sourceTree = "<group>"; };
		B4EF9A1DB729F2EF20AAAD9D /* libPods-KiwiUnitTest.a */ = {isa = PBXFileReference; explicitFileType = archive.ar; includeInIndex = 0; path = "libPods-KiwiUnitTest.a"; sourceTree = BUILT_PRODUCTS_DIR; };
		E1FACE97A81FF7A986C2D1B9 /* libPods-AirRun.a */ = {isa = PBXFileReference; explicitFileType = archive.ar; includeInIndex = 0; path = "libPods-AirRun.a"; sourceTree = BUILT_PRODUCTS_DIR; };
		E50BE0421AC8854A0030863D /* AirRun.app */ = {isa = PBXFileReference; explicitFileType = wrapper.application; includeInIndex = 0; path = AirRun.app; sourceTree = BUILT_PRODUCTS_DIR; };
		E50BE0461AC8854A0030863D /* Info.plist */ = {isa = PBXFileReference; lastKnownFileType = text.plist.xml; path = Info.plist; sourceTree = "<group>"; };
		E50BE0471AC8854A0030863D /* main.m */ = {isa = PBXFileReference; lastKnownFileType = sourcecode.c.objc; path = main.m; sourceTree = "<group>"; };
		E50BE0491AC8854A0030863D /* AppDelegate.h */ = {isa = PBXFileReference; lastKnownFileType = sourcecode.c.h; path = AppDelegate.h; sourceTree = "<group>"; };
		E50BE04A1AC8854A0030863D /* AppDelegate.m */ = {isa = PBXFileReference; lastKnownFileType = sourcecode.c.objc; path = AppDelegate.m; sourceTree = "<group>"; };
		E50BE04C1AC8854A0030863D /* ViewController.h */ = {isa = PBXFileReference; lastKnownFileType = sourcecode.c.h; path = ViewController.h; sourceTree = "<group>"; };
		E50BE04D1AC8854A0030863D /* ViewController.m */ = {isa = PBXFileReference; lastKnownFileType = sourcecode.c.objc; path = ViewController.m; sourceTree = "<group>"; };
		E50BE0501AC8854A0030863D /* Base */ = {isa = PBXFileReference; lastKnownFileType = file.storyboard; name = Base; path = Base.lproj/Main.storyboard; sourceTree = "<group>"; };
		E50BE0521AC8854A0030863D /* Images.xcassets */ = {isa = PBXFileReference; lastKnownFileType = folder.assetcatalog; path = Images.xcassets; sourceTree = "<group>"; };
		E50BE0551AC8854A0030863D /* Base */ = {isa = PBXFileReference; lastKnownFileType = file.xib; name = Base; path = Base.lproj/LaunchScreen.xib; sourceTree = "<group>"; };
		E50BE05B1AC8854A0030863D /* AirRunTests.xctest */ = {isa = PBXFileReference; explicitFileType = wrapper.cfbundle; includeInIndex = 0; path = AirRunTests.xctest; sourceTree = BUILT_PRODUCTS_DIR; };
		E50BE0601AC8854A0030863D /* Info.plist */ = {isa = PBXFileReference; lastKnownFileType = text.plist.xml; path = Info.plist; sourceTree = "<group>"; };
		E50BE0611AC8854A0030863D /* AirRunTests.m */ = {isa = PBXFileReference; lastKnownFileType = sourcecode.c.objc; path = AirRunTests.m; sourceTree = "<group>"; };
		E50BE06F1AC886000030863D /* KiwiUnitTest.xctest */ = {isa = PBXFileReference; explicitFileType = wrapper.cfbundle; includeInIndex = 0; path = KiwiUnitTest.xctest; sourceTree = BUILT_PRODUCTS_DIR; };
		E50BE0721AC886000030863D /* Info.plist */ = {isa = PBXFileReference; lastKnownFileType = text.plist.xml; path = Info.plist; sourceTree = "<group>"; };
		E50BE07A1AC887200030863D /* DemoTestsSpec.m */ = {isa = PBXFileReference; fileEncoding = 4; lastKnownFileType = sourcecode.c.objc; path = DemoTestsSpec.m; sourceTree = "<group>"; };
		E5668F911ACA5D6D009A0D61 /* RECommonFunctions.h */ = {isa = PBXFileReference; fileEncoding = 4; lastKnownFileType = sourcecode.c.h; path = RECommonFunctions.h; sourceTree = "<group>"; };
		E5668F921ACA5D6D009A0D61 /* RECommonFunctions.m */ = {isa = PBXFileReference; fileEncoding = 4; lastKnownFileType = sourcecode.c.objc; path = RECommonFunctions.m; sourceTree = "<group>"; };
		E5668F931ACA5D6D009A0D61 /* RESideMenu.h */ = {isa = PBXFileReference; fileEncoding = 4; lastKnownFileType = sourcecode.c.h; path = RESideMenu.h; sourceTree = "<group>"; };
		E5668F941ACA5D6D009A0D61 /* RESideMenu.m */ = {isa = PBXFileReference; fileEncoding = 4; lastKnownFileType = sourcecode.c.objc; path = RESideMenu.m; sourceTree = "<group>"; };
		E5668F951ACA5D6D009A0D61 /* UIViewController+RESideMenu.h */ = {isa = PBXFileReference; fileEncoding = 4; lastKnownFileType = sourcecode.c.h; path = "UIViewController+RESideMenu.h"; sourceTree = "<group>"; };
		E5668F961ACA5D6D009A0D61 /* UIViewController+RESideMenu.m */ = {isa = PBXFileReference; fileEncoding = 4; lastKnownFileType = sourcecode.c.objc; path = "UIViewController+RESideMenu.m"; sourceTree = "<group>"; };
		E5668F9B1ACA5DB2009A0D61 /* LeftSideViewController.h */ = {isa = PBXFileReference; fileEncoding = 4; lastKnownFileType = sourcecode.c.h; path = LeftSideViewController.h; sourceTree = "<group>"; };
		E5668F9C1ACA5DB2009A0D61 /* LeftSideViewController.m */ = {isa = PBXFileReference; fileEncoding = 4; lastKnownFileType = sourcecode.c.objc; path = LeftSideViewController.m; sourceTree = "<group>"; };
		E5668F9E1ACA61CB009A0D61 /* bg@2x.png */ = {isa = PBXFileReference; lastKnownFileType = image.png; path = "bg@2x.png"; sourceTree = "<group>"; };
		E5668FA01ACA628C009A0D61 /* bg1@2x.png */ = {isa = PBXFileReference; lastKnownFileType = image.png; path = "bg1@2x.png"; sourceTree = "<group>"; };
		E5668FA61ACBB22F009A0D61 /* setting@2x.png */ = {isa = PBXFileReference; lastKnownFileType = image.png; path = "setting@2x.png"; sourceTree = "<group>"; };
		E5668FA91ACBB55C009A0D61 /* HeaderView.h */ = {isa = PBXFileReference; fileEncoding = 4; lastKnownFileType = sourcecode.c.h; path = HeaderView.h; sourceTree = "<group>"; };
		E5668FAA1ACBB55C009A0D61 /* HeaderView.m */ = {isa = PBXFileReference; fileEncoding = 4; lastKnownFileType = sourcecode.c.objc; path = HeaderView.m; sourceTree = "<group>"; };
		E5668FAC1ACBB576009A0D61 /* UserModel.h */ = {isa = PBXFileReference; fileEncoding = 4; lastKnownFileType = sourcecode.c.h; path = UserModel.h; sourceTree = "<group>"; };
		E5668FAD1ACBB576009A0D61 /* UserModel.m */ = {isa = PBXFileReference; fileEncoding = 4; lastKnownFileType = sourcecode.c.objc; path = UserModel.m; sourceTree = "<group>"; };
		E5668FAF1ACBB6C8009A0D61 /* header.jpg */ = {isa = PBXFileReference; lastKnownFileType = image.jpeg; path = header.jpg; sourceTree = "<group>"; };
		E5668FB21ACBB7E0009A0D61 /* UConstants.h */ = {isa = PBXFileReference; lastKnownFileType = sourcecode.c.h; path = UConstants.h; sourceTree = "<group>"; };
		E5668FB41ACBC128009A0D61 /* JuheApisSDK.a */ = {isa = PBXFileReference; lastKnownFileType = archive.ar; path = JuheApisSDK.a; sourceTree = "<group>"; };
		E5668FB51ACBC128009A0D61 /* JHAPISDK.h */ = {isa = PBXFileReference; fileEncoding = 4; lastKnownFileType = sourcecode.c.h; path = JHAPISDK.h; sourceTree = "<group>"; };
		E5668FB61ACBC128009A0D61 /* JHOpenidSupplier.h */ = {isa = PBXFileReference; fileEncoding = 4; lastKnownFileType = sourcecode.c.h; path = JHOpenidSupplier.h; sourceTree = "<group>"; };
		E5668FB91ACBC3A9009A0D61 /* AIRDataManager.h */ = {isa = PBXFileReference; fileEncoding = 4; lastKnownFileType = sourcecode.c.h; path = AIRDataManager.h; sourceTree = "<group>"; };
		E5668FBA1ACBC3A9009A0D61 /* AIRDataManager.m */ = {isa = PBXFileReference; fileEncoding = 4; lastKnownFileType = sourcecode.c.objc; path = AIRDataManager.m; sourceTree = "<group>"; };
		E5668FBC1ACBC650009A0D61 /* libc++.dylib */ = {isa = PBXFileReference; lastKnownFileType = "compiled.mach-o.dylib"; name = "libc++.dylib"; path = "usr/lib/libc++.dylib"; sourceTree = SDKROOT; };
		E5668FBE1ACBC67F009A0D61 /* CoreLocation.framework */ = {isa = PBXFileReference; lastKnownFileType = wrapper.framework; name = CoreLocation.framework; path = System/Library/Frameworks/CoreLocation.framework; sourceTree = SDKROOT; };
		E5668FC01ACBC68C009A0D61 /* CoreTelephony.framework */ = {isa = PBXFileReference; lastKnownFileType = wrapper.framework; name = CoreTelephony.framework; path = System/Library/Frameworks/CoreTelephony.framework; sourceTree = SDKROOT; };
		E5668FC21ACBC694009A0D61 /* AdSupport.framework */ = {isa = PBXFileReference; lastKnownFileType = wrapper.framework; name = AdSupport.framework; path = System/Library/Frameworks/AdSupport.framework; sourceTree = SDKROOT; };
		E5668FC41ACBC739009A0D61 /* WeatherManager.h */ = {isa = PBXFileReference; fileEncoding = 4; lastKnownFileType = sourcecode.c.h; path = WeatherManager.h; sourceTree = "<group>"; };
		E5668FC51ACBC739009A0D61 /* WeatherManager.m */ = {isa = PBXFileReference; fileEncoding = 4; lastKnownFileType = sourcecode.c.objc; path = WeatherManager.m; sourceTree = "<group>"; };
		E5668FC91ACBC998009A0D61 /* WeatherTestsSpec.m */ = {isa = PBXFileReference; fileEncoding = 4; lastKnownFileType = sourcecode.c.objc; path = WeatherTestsSpec.m; sourceTree = "<group>"; };
		E59139931ACBDA5600F9D048 /* RunCompleteCardsVC.h */ = {isa = PBXFileReference; fileEncoding = 4; lastKnownFileType = sourcecode.c.h; path = RunCompleteCardsVC.h; sourceTree = "<group>"; };
		E59139941ACBDA5600F9D048 /* RunCompleteCardsVC.m */ = {isa = PBXFileReference; fileEncoding = 4; lastKnownFileType = sourcecode.c.objc; path = RunCompleteCardsVC.m; sourceTree = "<group>"; };
		E59139971ACBDDCF00F9D048 /* CompleteInputCard.h */ = {isa = PBXFileReference; fileEncoding = 4; lastKnownFileType = sourcecode.c.h; path = CompleteInputCard.h; sourceTree = "<group>"; };
		E59139981ACBDDCF00F9D048 /* CompleteInputCard.m */ = {isa = PBXFileReference; fileEncoding = 4; lastKnownFileType = sourcecode.c.objc; path = CompleteInputCard.m; sourceTree = "<group>"; };
		E591399A1ACBE13400F9D048 /* DateHelper.h */ = {isa = PBXFileReference; fileEncoding = 4; lastKnownFileType = sourcecode.c.h; path = DateHelper.h; sourceTree = "<group>"; };
		E591399B1ACBE13400F9D048 /* DateHelper.m */ = {isa = PBXFileReference; fileEncoding = 4; lastKnownFileType = sourcecode.c.objc; path = DateHelper.m; sourceTree = "<group>"; };
		E591399D1ACBE63D00F9D048 /* biaoqing@2x.png */ = {isa = PBXFileReference; lastKnownFileType = image.png; path = "biaoqing@2x.png"; sourceTree = "<group>"; };
		E59BF3E91ACBF7E10033D1DC /* CompleteDisplayCard.h */ = {isa = PBXFileReference; fileEncoding = 4; lastKnownFileType = sourcecode.c.h; path = CompleteDisplayCard.h; sourceTree = "<group>"; };
		E59BF3EA1ACBF7E10033D1DC /* CompleteDisplayCard.m */ = {isa = PBXFileReference; fileEncoding = 4; lastKnownFileType = sourcecode.c.objc; path = CompleteDisplayCard.m; sourceTree = "<group>"; };
		E59BF3EC1ACBF8FE0033D1DC /* BaseCardView.h */ = {isa = PBXFileReference; fileEncoding = 4; lastKnownFileType = sourcecode.c.h; path = BaseCardView.h; sourceTree = "<group>"; };
		E59BF3ED1ACBF8FE0033D1DC /* BaseCardView.m */ = {isa = PBXFileReference; fileEncoding = 4; lastKnownFileType = sourcecode.c.objc; path = BaseCardView.m; sourceTree = "<group>"; };
		E59BF3EF1ACC1CF60033D1DC /* map.jpg */ = {isa = PBXFileReference; lastKnownFileType = image.jpeg; path = map.jpg; sourceTree = "<group>"; };
		E59BF3F11ACC1FF80033D1DC /* cardbg.jpg */ = {isa = PBXFileReference; lastKnownFileType = image.jpeg; path = cardbg.jpg; sourceTree = "<group>"; };
		F787788395CC9F02138512B6 /* Pods-KiwiUnitTest.debug.xcconfig */ = {isa = PBXFileReference; includeInIndex = 1; lastKnownFileType = text.xcconfig; name = "Pods-KiwiUnitTest.debug.xcconfig"; path = "Pods/Target Support Files/Pods-KiwiUnitTest/Pods-KiwiUnitTest.debug.xcconfig"; sourceTree = "<group>"; };
/* End PBXFileReference section */

/* Begin PBXFrameworksBuildPhase section */
		E50BE03F1AC8854A0030863D /* Frameworks */ = {
			isa = PBXFrameworksBuildPhase;
			buildActionMask = 2147483647;
			files = (
				E5668FC31ACBC694009A0D61 /* AdSupport.framework in Frameworks */,
				E5668FC11ACBC68C009A0D61 /* CoreTelephony.framework in Frameworks */,
				E5668FBF1ACBC67F009A0D61 /* CoreLocation.framework in Frameworks */,
				E5668FBD1ACBC650009A0D61 /* libc++.dylib in Frameworks */,
				E5668FB71ACBC128009A0D61 /* JuheApisSDK.a in Frameworks */,
				628F663BFB502D4B71C8F3D9 /* libPods-AirRun.a in Frameworks */,
			);
			runOnlyForDeploymentPostprocessing = 0;
		};
		E50BE0581AC8854A0030863D /* Frameworks */ = {
			isa = PBXFrameworksBuildPhase;
			buildActionMask = 2147483647;
			files = (
			);
			runOnlyForDeploymentPostprocessing = 0;
		};
		E50BE06C1AC886000030863D /* Frameworks */ = {
			isa = PBXFrameworksBuildPhase;
			buildActionMask = 2147483647;
			files = (
				F68C6314769783DB64D2C398 /* libPods-KiwiUnitTest.a in Frameworks */,
			);
			runOnlyForDeploymentPostprocessing = 0;
		};
/* End PBXFrameworksBuildPhase section */

/* Begin PBXGroup section */
		896B3C15DAF772AF64691F6A /* Pods */ = {
			isa = PBXGroup;
			children = (
				F787788395CC9F02138512B6 /* Pods-KiwiUnitTest.debug.xcconfig */,
				AA78C5701070FCE649399215 /* Pods-KiwiUnitTest.release.xcconfig */,
				06A981F16C2171FCA3E5399F /* Pods-AirRun.debug.xcconfig */,
				8825BA6167225E1D71CD46DD /* Pods-AirRun.release.xcconfig */,
			);
			name = Pods;
			sourceTree = "<group>";
		};
		96F596AB1ACC519F00F56BEA /* Run */ = {
			isa = PBXGroup;
			children = (
				96F596B31ACC51E300F56BEA /* RunViewController.h */,
				96F596B41ACC51E300F56BEA /* RunViewController.m */,
				96F596B01ACC51D600F56BEA /* MapViewDelegate.h */,
				96F596B11ACC51D600F56BEA /* MapViewDelegate.m */,
				96474D041ACD983A00DECE02 /* RunViewControllerAnimation.h */,
				96474D051ACD983A00DECE02 /* RunViewControllerAnimation.m */,
				96F596AC1ACC51A600F56BEA /* View */,
			);
			name = Run;
			sourceTree = "<group>";
		};
		96F596AC1ACC51A600F56BEA /* View */ = {
			isa = PBXGroup;
			children = (
				96F398F41ACCED270090CCD8 /* GradientPolylineOverlay.h */,
				96F398F51ACCED270090CCD8 /* GradientPolylineOverlay.m */,
				96F398F61ACCED270090CCD8 /* GradientPolylineRenderer.h */,
				96F398F71ACCED270090CCD8 /* GradientPolylineRenderer.m */,
				96F596AD1ACC51B800F56BEA /* RunCardView.h */,
				96F596AE1ACC51B800F56BEA /* RunCardView.m */,
				96474CC91ACD2B4100DECE02 /* ImageOverLay.h */,
				96474CCA1ACD2B4100DECE02 /* ImageOverLay.m */,
				96474CCC1ACD2D9000DECE02 /* ImageOverLayRenderer.h */,
				96474CCD1ACD2D9000DECE02 /* ImageOverLayRenderer.m */,
				96474D011ACD536B00DECE02 /* RunSimpleCardView.h */,
				96474D021ACD536B00DECE02 /* RunSimpleCardView.m */,
				96474D071ACDA17400DECE02 /* RunPauseView.h */,
				96474D081ACDA17400DECE02 /* RunPauseView.m */,
			);
			name = View;
			sourceTree = "<group>";
		};
		E50BE0391AC8854A0030863D = {
			isa = PBXGroup;
			children = (
				E50BE0441AC8854A0030863D /* AirRun */,
				E50BE05E1AC8854A0030863D /* AirRunTests */,
				E50BE0701AC886000030863D /* KiwiUnitTest */,
				E50BE0431AC8854A0030863D /* Products */,
				896B3C15DAF772AF64691F6A /* Pods */,
				F0F87C6BE6D51CCC8BAF920F /* Frameworks */,
			);
			sourceTree = "<group>";
		};
		E50BE0431AC8854A0030863D /* Products */ = {
			isa = PBXGroup;
			children = (
				E50BE0421AC8854A0030863D /* AirRun.app */,
				E50BE05B1AC8854A0030863D /* AirRunTests.xctest */,
				E50BE06F1AC886000030863D /* KiwiUnitTest.xctest */,
			);
			name = Products;
			sourceTree = "<group>";
		};
		E50BE0441AC8854A0030863D /* AirRun */ = {
			isa = PBXGroup;
			children = (
				E5668FB81ACBC39A009A0D61 /* Manager */,
				E5668FB11ACBB7C5009A0D61 /* Macro */,
				E5668FA81ACBB4FE009A0D61 /* Model */,
				E5668F8F1ACA5D35009A0D61 /* Helper */,
				E5668F8E1ACA5D2B009A0D61 /* Resources */,
				E5668F8D1ACA5D0A009A0D61 /* Vendors */,
				E5668F8C1ACA5CC7009A0D61 /* Sections */,
				E50BE0491AC8854A0030863D /* AppDelegate.h */,
				E50BE04A1AC8854A0030863D /* AppDelegate.m */,
				E50BE04C1AC8854A0030863D /* ViewController.h */,
				E50BE04D1AC8854A0030863D /* ViewController.m */,
				E50BE04F1AC8854A0030863D /* Main.storyboard */,
				E50BE0521AC8854A0030863D /* Images.xcassets */,
				E50BE0541AC8854A0030863D /* LaunchScreen.xib */,
				E50BE0451AC8854A0030863D /* Supporting Files */,
			);
			path = AirRun;
			sourceTree = "<group>";
		};
		E50BE0451AC8854A0030863D /* Supporting Files */ = {
			isa = PBXGroup;
			children = (
				E50BE0461AC8854A0030863D /* Info.plist */,
				E50BE0471AC8854A0030863D /* main.m */,
			);
			name = "Supporting Files";
			sourceTree = "<group>";
		};
		E50BE05E1AC8854A0030863D /* AirRunTests */ = {
			isa = PBXGroup;
			children = (
				E50BE0611AC8854A0030863D /* AirRunTests.m */,
				E50BE05F1AC8854A0030863D /* Supporting Files */,
			);
			path = AirRunTests;
			sourceTree = "<group>";
		};
		E50BE05F1AC8854A0030863D /* Supporting Files */ = {
			isa = PBXGroup;
			children = (
				E50BE0601AC8854A0030863D /* Info.plist */,
			);
			name = "Supporting Files";
			sourceTree = "<group>";
		};
		E50BE0701AC886000030863D /* KiwiUnitTest */ = {
			isa = PBXGroup;
			children = (
				E50BE0711AC886000030863D /* Supporting Files */,
				E50BE07A1AC887200030863D /* DemoTestsSpec.m */,
				E5668FC91ACBC998009A0D61 /* WeatherTestsSpec.m */,
			);
			path = KiwiUnitTest;
			sourceTree = "<group>";
		};
		E50BE0711AC886000030863D /* Supporting Files */ = {
			isa = PBXGroup;
			children = (
				E50BE0721AC886000030863D /* Info.plist */,
			);
			name = "Supporting Files";
			sourceTree = "<group>";
		};
		E5668F8C1ACA5CC7009A0D61 /* Sections */ = {
			isa = PBXGroup;
			children = (
				96F596AB1ACC519F00F56BEA /* Run */,
				E59139921ACBD9D800F9D048 /* RunCompleteCards */,
				E5668F9A1ACA5D99009A0D61 /* Side */,
			);
			name = Sections;
			sourceTree = "<group>";
		};
		E5668F8D1ACA5D0A009A0D61 /* Vendors */ = {
			isa = PBXGroup;
			children = (
				E5668FB31ACBC119009A0D61 /* JuheAPI */,
				E5668F901ACA5D56009A0D61 /* RESideMenu */,
			);
			name = Vendors;
			sourceTree = "<group>";
		};
		E5668F8E1ACA5D2B009A0D61 /* Resources */ = {
			isa = PBXGroup;
			children = (
				E59BF3F11ACC1FF80033D1DC /* cardbg.jpg */,
				E59BF3EF1ACC1CF60033D1DC /* map.jpg */,
				E591399D1ACBE63D00F9D048 /* biaoqing@2x.png */,
				E5668FAF1ACBB6C8009A0D61 /* header.jpg */,
				E5668FA61ACBB22F009A0D61 /* setting@2x.png */,
				E5668F9E1ACA61CB009A0D61 /* bg@2x.png */,
				E5668FA01ACA628C009A0D61 /* bg1@2x.png */,
			);
			name = Resources;
			sourceTree = "<group>";
		};
		E5668F8F1ACA5D35009A0D61 /* Helper */ = {
			isa = PBXGroup;
			children = (
				96F596A81ACC518B00F56BEA /* WGS84TOGCJ02.h */,
				96F596A91ACC518B00F56BEA /* WGS84TOGCJ02.m */,
				E591399A1ACBE13400F9D048 /* DateHelper.h */,
				E591399B1ACBE13400F9D048 /* DateHelper.m */,
			);
			name = Helper;
			sourceTree = "<group>";
		};
		E5668F901ACA5D56009A0D61 /* RESideMenu */ = {
			isa = PBXGroup;
			children = (
				E5668F911ACA5D6D009A0D61 /* RECommonFunctions.h */,
				E5668F921ACA5D6D009A0D61 /* RECommonFunctions.m */,
				E5668F931ACA5D6D009A0D61 /* RESideMenu.h */,
				E5668F941ACA5D6D009A0D61 /* RESideMenu.m */,
				E5668F951ACA5D6D009A0D61 /* UIViewController+RESideMenu.h */,
				E5668F961ACA5D6D009A0D61 /* UIViewController+RESideMenu.m */,
			);
			name = RESideMenu;
			sourceTree = "<group>";
		};
		E5668F9A1ACA5D99009A0D61 /* Side */ = {
			isa = PBXGroup;
			children = (
				E5668F9B1ACA5DB2009A0D61 /* LeftSideViewController.h */,
				E5668F9C1ACA5DB2009A0D61 /* LeftSideViewController.m */,
				E5668FA91ACBB55C009A0D61 /* HeaderView.h */,
				E5668FAA1ACBB55C009A0D61 /* HeaderView.m */,
			);
			name = Side;
			sourceTree = "<group>";
		};
		E5668FA81ACBB4FE009A0D61 /* Model */ = {
			isa = PBXGroup;
			children = (
				E5668FAC1ACBB576009A0D61 /* UserModel.h */,
				E5668FAD1ACBB576009A0D61 /* UserModel.m */,
			);
			name = Model;
			sourceTree = "<group>";
		};
		E5668FB11ACBB7C5009A0D61 /* Macro */ = {
			isa = PBXGroup;
			children = (
				E5668FB21ACBB7E0009A0D61 /* UConstants.h */,
			);
			name = Macro;
			sourceTree = "<group>";
		};
		E5668FB31ACBC119009A0D61 /* JuheAPI */ = {
			isa = PBXGroup;
			children = (
				E5668FB41ACBC128009A0D61 /* JuheApisSDK.a */,
				E5668FB51ACBC128009A0D61 /* JHAPISDK.h */,
				E5668FB61ACBC128009A0D61 /* JHOpenidSupplier.h */,
			);
			name = JuheAPI;
			sourceTree = "<group>";
		};
		E5668FB81ACBC39A009A0D61 /* Manager */ = {
			isa = PBXGroup;
			children = (
				E5668FB91ACBC3A9009A0D61 /* AIRDataManager.h */,
				E5668FBA1ACBC3A9009A0D61 /* AIRDataManager.m */,
				E5668FC41ACBC739009A0D61 /* WeatherManager.h */,
				E5668FC51ACBC739009A0D61 /* WeatherManager.m */,
			);
			name = Manager;
			sourceTree = "<group>";
		};
		E59139921ACBD9D800F9D048 /* RunCompleteCards */ = {
			isa = PBXGroup;
			children = (
				E59139961ACBDCA400F9D048 /* Views */,
				E59139931ACBDA5600F9D048 /* RunCompleteCardsVC.h */,
				E59139941ACBDA5600F9D048 /* RunCompleteCardsVC.m */,
			);
			name = RunCompleteCards;
			sourceTree = "<group>";
		};
		E59139961ACBDCA400F9D048 /* Views */ = {
			isa = PBXGroup;
			children = (
				E59BF3EC1ACBF8FE0033D1DC /* BaseCardView.h */,
				E59BF3ED1ACBF8FE0033D1DC /* BaseCardView.m */,
				E59139971ACBDDCF00F9D048 /* CompleteInputCard.h */,
				E59139981ACBDDCF00F9D048 /* CompleteInputCard.m */,
				E59BF3E91ACBF7E10033D1DC /* CompleteDisplayCard.h */,
				E59BF3EA1ACBF7E10033D1DC /* CompleteDisplayCard.m */,
			);
			name = Views;
			sourceTree = "<group>";
		};
		F0F87C6BE6D51CCC8BAF920F /* Frameworks */ = {
			isa = PBXGroup;
			children = (
				E5668FC21ACBC694009A0D61 /* AdSupport.framework */,
				E5668FC01ACBC68C009A0D61 /* CoreTelephony.framework */,
				E5668FBE1ACBC67F009A0D61 /* CoreLocation.framework */,
				E5668FBC1ACBC650009A0D61 /* libc++.dylib */,
				B4EF9A1DB729F2EF20AAAD9D /* libPods-KiwiUnitTest.a */,
				E1FACE97A81FF7A986C2D1B9 /* libPods-AirRun.a */,
			);
			name = Frameworks;
			sourceTree = "<group>";
		};
/* End PBXGroup section */

/* Begin PBXNativeTarget section */
		E50BE0411AC8854A0030863D /* AirRun */ = {
			isa = PBXNativeTarget;
			buildConfigurationList = E50BE0651AC8854A0030863D /* Build configuration list for PBXNativeTarget "AirRun" */;
			buildPhases = (
				D241FAE866F6F587363BA22E /* Check Pods Manifest.lock */,
				E50BE03E1AC8854A0030863D /* Sources */,
				E50BE03F1AC8854A0030863D /* Frameworks */,
				E50BE0401AC8854A0030863D /* Resources */,
				043B65407BC4F395ADC657F8 /* Copy Pods Resources */,
			);
			buildRules = (
			);
			dependencies = (
			);
			name = AirRun;
			productName = AirRun;
			productReference = E50BE0421AC8854A0030863D /* AirRun.app */;
			productType = "com.apple.product-type.application";
		};
		E50BE05A1AC8854A0030863D /* AirRunTests */ = {
			isa = PBXNativeTarget;
			buildConfigurationList = E50BE0681AC8854A0030863D /* Build configuration list for PBXNativeTarget "AirRunTests" */;
			buildPhases = (
				E50BE0571AC8854A0030863D /* Sources */,
				E50BE0581AC8854A0030863D /* Frameworks */,
				E50BE0591AC8854A0030863D /* Resources */,
			);
			buildRules = (
			);
			dependencies = (
				E50BE05D1AC8854A0030863D /* PBXTargetDependency */,
			);
			name = AirRunTests;
			productName = AirRunTests;
			productReference = E50BE05B1AC8854A0030863D /* AirRunTests.xctest */;
			productType = "com.apple.product-type.bundle.unit-test";
		};
		E50BE06E1AC886000030863D /* KiwiUnitTest */ = {
			isa = PBXNativeTarget;
			buildConfigurationList = E50BE0771AC886000030863D /* Build configuration list for PBXNativeTarget "KiwiUnitTest" */;
			buildPhases = (
				258ED9F4C21A29196850054B /* Check Pods Manifest.lock */,
				E50BE06B1AC886000030863D /* Sources */,
				E50BE06C1AC886000030863D /* Frameworks */,
				E50BE06D1AC886000030863D /* Resources */,
				C8B543BDF53D2743FEFED493 /* Copy Pods Resources */,
			);
			buildRules = (
			);
			dependencies = (
				E50BE0761AC886000030863D /* PBXTargetDependency */,
			);
			name = KiwiUnitTest;
			productName = KiwiUnitTest;
			productReference = E50BE06F1AC886000030863D /* KiwiUnitTest.xctest */;
			productType = "com.apple.product-type.bundle.unit-test";
		};
/* End PBXNativeTarget section */

/* Begin PBXProject section */
		E50BE03A1AC8854A0030863D /* Project object */ = {
			isa = PBXProject;
			attributes = {
				LastUpgradeCheck = 0620;
				ORGANIZATIONNAME = AEXAIR;
				TargetAttributes = {
					E50BE0411AC8854A0030863D = {
						CreatedOnToolsVersion = 6.2;
					};
					E50BE05A1AC8854A0030863D = {
						CreatedOnToolsVersion = 6.2;
						TestTargetID = E50BE0411AC8854A0030863D;
					};
					E50BE06E1AC886000030863D = {
						CreatedOnToolsVersion = 6.2;
						TestTargetID = E50BE0411AC8854A0030863D;
					};
				};
			};
			buildConfigurationList = E50BE03D1AC8854A0030863D /* Build configuration list for PBXProject "AirRun" */;
			compatibilityVersion = "Xcode 3.2";
			developmentRegion = English;
			hasScannedForEncodings = 0;
			knownRegions = (
				en,
				Base,
			);
			mainGroup = E50BE0391AC8854A0030863D;
			productRefGroup = E50BE0431AC8854A0030863D /* Products */;
			projectDirPath = "";
			projectRoot = "";
			targets = (
				E50BE0411AC8854A0030863D /* AirRun */,
				E50BE05A1AC8854A0030863D /* AirRunTests */,
				E50BE06E1AC886000030863D /* KiwiUnitTest */,
			);
		};
/* End PBXProject section */

/* Begin PBXResourcesBuildPhase section */
		E50BE0401AC8854A0030863D /* Resources */ = {
			isa = PBXResourcesBuildPhase;
			buildActionMask = 2147483647;
			files = (
				E50BE0511AC8854A0030863D /* Main.storyboard in Resources */,
				E50BE0561AC8854A0030863D /* LaunchScreen.xib in Resources */,
				E50BE0531AC8854A0030863D /* Images.xcassets in Resources */,
				E59BF3F01ACC1CF60033D1DC /* map.jpg in Resources */,
				E5668FB01ACBB6C8009A0D61 /* header.jpg in Resources */,
				E5668F9F1ACA61CB009A0D61 /* bg@2x.png in Resources */,
				E5668FA11ACA628C009A0D61 /* bg1@2x.png in Resources */,
				E591399E1ACBE63D00F9D048 /* biaoqing@2x.png in Resources */,
				E59BF3F21ACC1FF80033D1DC /* cardbg.jpg in Resources */,
				E5668FA71ACBB22F009A0D61 /* setting@2x.png in Resources */,
			);
			runOnlyForDeploymentPostprocessing = 0;
		};
		E50BE0591AC8854A0030863D /* Resources */ = {
			isa = PBXResourcesBuildPhase;
			buildActionMask = 2147483647;
			files = (
			);
			runOnlyForDeploymentPostprocessing = 0;
		};
		E50BE06D1AC886000030863D /* Resources */ = {
			isa = PBXResourcesBuildPhase;
			buildActionMask = 2147483647;
			files = (
			);
			runOnlyForDeploymentPostprocessing = 0;
		};
/* End PBXResourcesBuildPhase section */

/* Begin PBXShellScriptBuildPhase section */
		043B65407BC4F395ADC657F8 /* Copy Pods Resources */ = {
			isa = PBXShellScriptBuildPhase;
			buildActionMask = 2147483647;
			files = (
			);
			inputPaths = (
			);
			name = "Copy Pods Resources";
			outputPaths = (
			);
			runOnlyForDeploymentPostprocessing = 0;
			shellPath = /bin/sh;
			shellScript = "\"${SRCROOT}/Pods/Target Support Files/Pods-AirRun/Pods-AirRun-resources.sh\"\n";
			showEnvVarsInLog = 0;
		};
		258ED9F4C21A29196850054B /* Check Pods Manifest.lock */ = {
			isa = PBXShellScriptBuildPhase;
			buildActionMask = 2147483647;
			files = (
			);
			inputPaths = (
			);
			name = "Check Pods Manifest.lock";
			outputPaths = (
			);
			runOnlyForDeploymentPostprocessing = 0;
			shellPath = /bin/sh;
			shellScript = "diff \"${PODS_ROOT}/../Podfile.lock\" \"${PODS_ROOT}/Manifest.lock\" > /dev/null\nif [[ $? != 0 ]] ; then\n    cat << EOM\nerror: The sandbox is not in sync with the Podfile.lock. Run 'pod install' or update your CocoaPods installation.\nEOM\n    exit 1\nfi\n";
			showEnvVarsInLog = 0;
		};
		C8B543BDF53D2743FEFED493 /* Copy Pods Resources */ = {
			isa = PBXShellScriptBuildPhase;
			buildActionMask = 2147483647;
			files = (
			);
			inputPaths = (
			);
			name = "Copy Pods Resources";
			outputPaths = (
			);
			runOnlyForDeploymentPostprocessing = 0;
			shellPath = /bin/sh;
			shellScript = "\"${SRCROOT}/Pods/Target Support Files/Pods-KiwiUnitTest/Pods-KiwiUnitTest-resources.sh\"\n";
			showEnvVarsInLog = 0;
		};
		D241FAE866F6F587363BA22E /* Check Pods Manifest.lock */ = {
			isa = PBXShellScriptBuildPhase;
			buildActionMask = 2147483647;
			files = (
			);
			inputPaths = (
			);
			name = "Check Pods Manifest.lock";
			outputPaths = (
			);
			runOnlyForDeploymentPostprocessing = 0;
			shellPath = /bin/sh;
			shellScript = "diff \"${PODS_ROOT}/../Podfile.lock\" \"${PODS_ROOT}/Manifest.lock\" > /dev/null\nif [[ $? != 0 ]] ; then\n    cat << EOM\nerror: The sandbox is not in sync with the Podfile.lock. Run 'pod install' or update your CocoaPods installation.\nEOM\n    exit 1\nfi\n";
			showEnvVarsInLog = 0;
		};
/* End PBXShellScriptBuildPhase section */

/* Begin PBXSourcesBuildPhase section */
		E50BE03E1AC8854A0030863D /* Sources */ = {
			isa = PBXSourcesBuildPhase;
			buildActionMask = 2147483647;
			files = (
				E50BE04E1AC8854A0030863D /* ViewController.m in Sources */,
				E50BE04B1AC8854A0030863D /* AppDelegate.m in Sources */,
				96F398F91ACCED270090CCD8 /* GradientPolylineRenderer.m in Sources */,
				E5668F9D1ACA5DB2009A0D61 /* LeftSideViewController.m in Sources */,
				E5668FAB1ACBB55C009A0D61 /* HeaderView.m in Sources */,
				E50BE0481AC8854A0030863D /* main.m in Sources */,
				E59139991ACBDDCF00F9D048 /* CompleteInputCard.m in Sources */,
				E5668F981ACA5D6D009A0D61 /* RESideMenu.m in Sources */,
				E5668F971ACA5D6D009A0D61 /* RECommonFunctions.m in Sources */,
				E5668FBB1ACBC3A9009A0D61 /* AIRDataManager.m in Sources */,
				96F596AA1ACC518B00F56BEA /* WGS84TOGCJ02.m in Sources */,
				96474D061ACD983A00DECE02 /* RunViewControllerAnimation.m in Sources */,
				96474D031ACD536B00DECE02 /* RunSimpleCardView.m in Sources */,
				96F596AF1ACC51B800F56BEA /* RunCardView.m in Sources */,
				E59BF3EE1ACBF8FE0033D1DC /* BaseCardView.m in Sources */,
				96474CCE1ACD2D9000DECE02 /* ImageOverLayRenderer.m in Sources */,
				E5668FC61ACBC739009A0D61 /* WeatherManager.m in Sources */,
				E59BF3EB1ACBF7E10033D1DC /* CompleteDisplayCard.m in Sources */,
				96474CCB1ACD2B4100DECE02 /* ImageOverLay.m in Sources */,
				96F596B51ACC51E300F56BEA /* RunViewController.m in Sources */,
				96F398F81ACCED270090CCD8 /* GradientPolylineOverlay.m in Sources */,
				E5668F991ACA5D6D009A0D61 /* UIViewController+RESideMenu.m in Sources */,
				96474D091ACDA17400DECE02 /* RunPauseView.m in Sources */,
				96F596B21ACC51D600F56BEA /* MapViewDelegate.m in Sources */,
				E591399C1ACBE13400F9D048 /* DateHelper.m in Sources */,
				E5668FAE1ACBB576009A0D61 /* UserModel.m in Sources */,
				E59139951ACBDA5600F9D048 /* RunCompleteCardsVC.m in Sources */,
			);
			runOnlyForDeploymentPostprocessing = 0;
		};
		E50BE0571AC8854A0030863D /* Sources */ = {
			isa = PBXSourcesBuildPhase;
			buildActionMask = 2147483647;
			files = (
				E50BE0621AC8854A0030863D /* AirRunTests.m in Sources */,
			);
			runOnlyForDeploymentPostprocessing = 0;
		};
		E50BE06B1AC886000030863D /* Sources */ = {
			isa = PBXSourcesBuildPhase;
			buildActionMask = 2147483647;
			files = (
				E50BE07B1AC887200030863D /* DemoTestsSpec.m in Sources */,
				E5668FCA1ACBC998009A0D61 /* WeatherTestsSpec.m in Sources */,
			);
			runOnlyForDeploymentPostprocessing = 0;
		};
/* End PBXSourcesBuildPhase section */

/* Begin PBXTargetDependency section */
		E50BE05D1AC8854A0030863D /* PBXTargetDependency */ = {
			isa = PBXTargetDependency;
			target = E50BE0411AC8854A0030863D /* AirRun */;
			targetProxy = E50BE05C1AC8854A0030863D /* PBXContainerItemProxy */;
		};
		E50BE0761AC886000030863D /* PBXTargetDependency */ = {
			isa = PBXTargetDependency;
			target = E50BE0411AC8854A0030863D /* AirRun */;
			targetProxy = E50BE0751AC886000030863D /* PBXContainerItemProxy */;
		};
/* End PBXTargetDependency section */

/* Begin PBXVariantGroup section */
		E50BE04F1AC8854A0030863D /* Main.storyboard */ = {
			isa = PBXVariantGroup;
			children = (
				E50BE0501AC8854A0030863D /* Base */,
			);
			name = Main.storyboard;
			sourceTree = "<group>";
		};
		E50BE0541AC8854A0030863D /* LaunchScreen.xib */ = {
			isa = PBXVariantGroup;
			children = (
				E50BE0551AC8854A0030863D /* Base */,
			);
			name = LaunchScreen.xib;
			sourceTree = "<group>";
		};
/* End PBXVariantGroup section */

/* Begin XCBuildConfiguration section */
		E50BE0631AC8854A0030863D /* Debug */ = {
			isa = XCBuildConfiguration;
			buildSettings = {
				ALWAYS_SEARCH_USER_PATHS = NO;
				CLANG_CXX_LANGUAGE_STANDARD = "gnu++0x";
				CLANG_CXX_LIBRARY = "libc++";
				CLANG_ENABLE_MODULES = YES;
				CLANG_ENABLE_OBJC_ARC = YES;
				CLANG_WARN_BOOL_CONVERSION = YES;
				CLANG_WARN_CONSTANT_CONVERSION = YES;
				CLANG_WARN_DIRECT_OBJC_ISA_USAGE = YES_ERROR;
				CLANG_WARN_EMPTY_BODY = YES;
				CLANG_WARN_ENUM_CONVERSION = YES;
				CLANG_WARN_INT_CONVERSION = YES;
				CLANG_WARN_OBJC_ROOT_CLASS = YES_ERROR;
				CLANG_WARN_UNREACHABLE_CODE = YES;
				CLANG_WARN__DUPLICATE_METHOD_MATCH = YES;
				"CODE_SIGN_IDENTITY[sdk=iphoneos*]" = "iPhone Developer";
				COPY_PHASE_STRIP = NO;
				ENABLE_STRICT_OBJC_MSGSEND = YES;
				GCC_C_LANGUAGE_STANDARD = gnu99;
				GCC_DYNAMIC_NO_PIC = NO;
				GCC_OPTIMIZATION_LEVEL = 0;
				GCC_PREPROCESSOR_DEFINITIONS = (
					"DEBUG=1",
					"$(inherited)",
				);
				GCC_SYMBOLS_PRIVATE_EXTERN = NO;
				GCC_WARN_64_TO_32_BIT_CONVERSION = YES;
				GCC_WARN_ABOUT_RETURN_TYPE = YES_ERROR;
				GCC_WARN_UNDECLARED_SELECTOR = YES;
				GCC_WARN_UNINITIALIZED_AUTOS = YES_AGGRESSIVE;
				GCC_WARN_UNUSED_FUNCTION = YES;
				GCC_WARN_UNUSED_VARIABLE = YES;
				IPHONEOS_DEPLOYMENT_TARGET = 8.2;
				MTL_ENABLE_DEBUG_INFO = YES;
				ONLY_ACTIVE_ARCH = YES;
				SDKROOT = iphoneos;
			};
			name = Debug;
		};
		E50BE0641AC8854A0030863D /* Release */ = {
			isa = XCBuildConfiguration;
			buildSettings = {
				ALWAYS_SEARCH_USER_PATHS = NO;
				CLANG_CXX_LANGUAGE_STANDARD = "gnu++0x";
				CLANG_CXX_LIBRARY = "libc++";
				CLANG_ENABLE_MODULES = YES;
				CLANG_ENABLE_OBJC_ARC = YES;
				CLANG_WARN_BOOL_CONVERSION = YES;
				CLANG_WARN_CONSTANT_CONVERSION = YES;
				CLANG_WARN_DIRECT_OBJC_ISA_USAGE = YES_ERROR;
				CLANG_WARN_EMPTY_BODY = YES;
				CLANG_WARN_ENUM_CONVERSION = YES;
				CLANG_WARN_INT_CONVERSION = YES;
				CLANG_WARN_OBJC_ROOT_CLASS = YES_ERROR;
				CLANG_WARN_UNREACHABLE_CODE = YES;
				CLANG_WARN__DUPLICATE_METHOD_MATCH = YES;
				"CODE_SIGN_IDENTITY[sdk=iphoneos*]" = "iPhone Developer";
				COPY_PHASE_STRIP = NO;
				ENABLE_NS_ASSERTIONS = NO;
				ENABLE_STRICT_OBJC_MSGSEND = YES;
				GCC_C_LANGUAGE_STANDARD = gnu99;
				GCC_WARN_64_TO_32_BIT_CONVERSION = YES;
				GCC_WARN_ABOUT_RETURN_TYPE = YES_ERROR;
				GCC_WARN_UNDECLARED_SELECTOR = YES;
				GCC_WARN_UNINITIALIZED_AUTOS = YES_AGGRESSIVE;
				GCC_WARN_UNUSED_FUNCTION = YES;
				GCC_WARN_UNUSED_VARIABLE = YES;
				IPHONEOS_DEPLOYMENT_TARGET = 8.2;
				MTL_ENABLE_DEBUG_INFO = NO;
				SDKROOT = iphoneos;
				VALIDATE_PRODUCT = YES;
			};
			name = Release;
		};
		E50BE0661AC8854A0030863D /* Debug */ = {
			isa = XCBuildConfiguration;
			baseConfigurationReference = 06A981F16C2171FCA3E5399F /* Pods-AirRun.debug.xcconfig */;
			buildSettings = {
				ASSETCATALOG_COMPILER_APPICON_NAME = AppIcon;
				INFOPLIST_FILE = AirRun/Info.plist;
				LD_RUNPATH_SEARCH_PATHS = "$(inherited) @executable_path/Frameworks";
				LIBRARY_SEARCH_PATHS = (
					"$(inherited)",
					"$(PROJECT_DIR)/AirRun",
				);
				PRODUCT_NAME = "$(TARGET_NAME)";
			};
			name = Debug;
		};
		E50BE0671AC8854A0030863D /* Release */ = {
			isa = XCBuildConfiguration;
			baseConfigurationReference = 8825BA6167225E1D71CD46DD /* Pods-AirRun.release.xcconfig */;
			buildSettings = {
				ASSETCATALOG_COMPILER_APPICON_NAME = AppIcon;
				INFOPLIST_FILE = AirRun/Info.plist;
				LD_RUNPATH_SEARCH_PATHS = "$(inherited) @executable_path/Frameworks";
				LIBRARY_SEARCH_PATHS = (
					"$(inherited)",
					"$(PROJECT_DIR)/AirRun",
				);
				PRODUCT_NAME = "$(TARGET_NAME)";
			};
			name = Release;
		};
		E50BE0691AC8854A0030863D /* Debug */ = {
			isa = XCBuildConfiguration;
			buildSettings = {
				BUNDLE_LOADER = "$(TEST_HOST)";
				FRAMEWORK_SEARCH_PATHS = (
					"$(SDKROOT)/Developer/Library/Frameworks",
					"$(inherited)",
				);
				GCC_PREPROCESSOR_DEFINITIONS = (
					"DEBUG=1",
					"$(inherited)",
				);
				INFOPLIST_FILE = AirRunTests/Info.plist;
				LD_RUNPATH_SEARCH_PATHS = "$(inherited) @executable_path/Frameworks @loader_path/Frameworks";
				PRODUCT_NAME = "$(TARGET_NAME)";
				TEST_HOST = "$(BUILT_PRODUCTS_DIR)/AirRun.app/AirRun";
			};
			name = Debug;
		};
		E50BE06A1AC8854A0030863D /* Release */ = {
			isa = XCBuildConfiguration;
			buildSettings = {
				BUNDLE_LOADER = "$(TEST_HOST)";
				FRAMEWORK_SEARCH_PATHS = (
					"$(SDKROOT)/Developer/Library/Frameworks",
					"$(inherited)",
				);
				INFOPLIST_FILE = AirRunTests/Info.plist;
				LD_RUNPATH_SEARCH_PATHS = "$(inherited) @executable_path/Frameworks @loader_path/Frameworks";
				PRODUCT_NAME = "$(TARGET_NAME)";
				TEST_HOST = "$(BUILT_PRODUCTS_DIR)/AirRun.app/AirRun";
			};
			name = Release;
		};
		E50BE0781AC886000030863D /* Debug */ = {
			isa = XCBuildConfiguration;
			baseConfigurationReference = F787788395CC9F02138512B6 /* Pods-KiwiUnitTest.debug.xcconfig */;
			buildSettings = {
				BUNDLE_LOADER = "$(TEST_HOST)";
				FRAMEWORK_SEARCH_PATHS = (
					"$(SDKROOT)/Developer/Library/Frameworks",
					"$(inherited)",
				);
				GCC_PREPROCESSOR_DEFINITIONS = (
					"DEBUG=1",
					"$(inherited)",
				);
				INFOPLIST_FILE = KiwiUnitTest/Info.plist;
				LD_RUNPATH_SEARCH_PATHS = "$(inherited) @executable_path/Frameworks @loader_path/Frameworks";
				PRODUCT_NAME = "$(TARGET_NAME)";
				TEST_HOST = "$(BUILT_PRODUCTS_DIR)/AirRun.app/AirRun";
			};
			name = Debug;
		};
		E50BE0791AC886000030863D /* Release */ = {
			isa = XCBuildConfiguration;
			baseConfigurationReference = AA78C5701070FCE649399215 /* Pods-KiwiUnitTest.release.xcconfig */;
			buildSettings = {
				BUNDLE_LOADER = "$(TEST_HOST)";
				FRAMEWORK_SEARCH_PATHS = (
					"$(SDKROOT)/Developer/Library/Frameworks",
					"$(inherited)",
				);
				INFOPLIST_FILE = KiwiUnitTest/Info.plist;
				LD_RUNPATH_SEARCH_PATHS = "$(inherited) @executable_path/Frameworks @loader_path/Frameworks";
				PRODUCT_NAME = "$(TARGET_NAME)";
				TEST_HOST = "$(BUILT_PRODUCTS_DIR)/AirRun.app/AirRun";
			};
			name = Release;
		};
/* End XCBuildConfiguration section */

/* Begin XCConfigurationList section */
		E50BE03D1AC8854A0030863D /* Build configuration list for PBXProject "AirRun" */ = {
			isa = XCConfigurationList;
			buildConfigurations = (
				E50BE0631AC8854A0030863D /* Debug */,
				E50BE0641AC8854A0030863D /* Release */,
			);
			defaultConfigurationIsVisible = 0;
			defaultConfigurationName = Release;
		};
		E50BE0651AC8854A0030863D /* Build configuration list for PBXNativeTarget "AirRun" */ = {
			isa = XCConfigurationList;
			buildConfigurations = (
				E50BE0661AC8854A0030863D /* Debug */,
				E50BE0671AC8854A0030863D /* Release */,
			);
			defaultConfigurationIsVisible = 0;
			defaultConfigurationName = Release;
		};
		E50BE0681AC8854A0030863D /* Build configuration list for PBXNativeTarget "AirRunTests" */ = {
			isa = XCConfigurationList;
			buildConfigurations = (
				E50BE0691AC8854A0030863D /* Debug */,
				E50BE06A1AC8854A0030863D /* Release */,
			);
			defaultConfigurationIsVisible = 0;
			defaultConfigurationName = Release;
		};
		E50BE0771AC886000030863D /* Build configuration list for PBXNativeTarget "KiwiUnitTest" */ = {
			isa = XCConfigurationList;
			buildConfigurations = (
				E50BE0781AC886000030863D /* Debug */,
				E50BE0791AC886000030863D /* Release */,
			);
			defaultConfigurationIsVisible = 0;
			defaultConfigurationName = Release;
		};
/* End XCConfigurationList section */
	};
	rootObject = E50BE03A1AC8854A0030863D /* Project object */;
}
